{
  "meteor": {},
  "dependencies": {
    "basePackages": {
      "semantic-ui-less": {},
      "iron-router": {},
      "npm": {},
      "jquery-masonry": {}
    },
    "packages": {
      "semantic-ui-less": {
        "git": "https://github.com/nooitaf/meteor-semantic-ui-less.git",
        "tag": "v0.13.1",
        "commit": "a628138cb0648e15e8004d9e2e540a451f5d0ca3"
      },
      "iron-router": {
        "git": "https://github.com/EventedMind/iron-router.git",
        "tag": "v0.6.4",
        "commit": "927bbaed1b87894fb6fb70807f74ff3a5bd89f29"
      },
      "npm": {
        "git": "https://github.com/arunoda/meteor-npm.git",
        "tag": "v0.2.6",
        "commit": "177ab6118de5bf8cffb19481343d5762ff7a2aaf"
      },
      "jquery-masonry": {
        "git": "https://github.com/waltyuyu/meteor-jquery-masonry.git",
        "tag": "v0.1.0",
        "commit": "ec514fa4440f3cd77f5f567f25be27dc38ab57fa"
      }
    }
  }
}
